{
  "originHash" : "d97e6b962ba5af568b6201ac9b15a54411934c084daae735d97912eca35dd25b",
  "pins" : [
    {
      "identity" : "lottie-ios",
      "kind" : "remoteSourceControl",
      "location" : "https://github.com/airbnb/lottie-ios.git",
      "state" : {
        "revision" : "a004050748dc197c56256a14dca49a035d74726c",
        "version" : "4.5.2"
      }
    },
    {
      "identity" : "rive-ios",
      "kind" : "remoteSourceControl",
      "location" : "https://github.com/rive-app/rive-ios",
      "state" : {
        "revision" : "405f10d2161127c90665ffcee050f305b0330bdc",
        "version" : "6.12.2"
      }
    }
  ],
  "version" : 3
}
